// !$*UTF8*$!
{
	archiveVersion = 1;
	classes = {
	};
	objectVersion = 55;
	objects = {

/* Begin PBXBuildFile section */
		BB0F0FAC283B64C100B3AB12 /* AppDelegate.swift in Sources */ = {isa = PBXBuildFile; fileRef = BB0F0FAB283B64C100B3AB12 /* AppDelegate.swift */; };
		BB0F0FAE283B64C100B3AB12 /* SceneDelegate.swift in Sources */ = {isa = PBXBuildFile; fileRef = BB0F0FAD283B64C100B3AB12 /* SceneDelegate.swift */; };
		BB0F0FB5283B64C300B3AB12 /* Assets.xcassets in Resources */ = {isa = PBXBuildFile; fileRef = BB0F0FB4283B64C300B3AB12 /* Assets.xcassets */; };
		BB0F0FB8283B64C300B3AB12 /* LaunchScreen.storyboard in Resources */ = {isa = PBXBuildFile; fileRef = BB0F0FB6283B64C300B3AB12 /* LaunchScreen.storyboard */; };
		BB0F0FC3283B6A0600B3AB12 /* TabsController.swift in Sources */ = {isa = PBXBuildFile; fileRef = BB0F0FC1283B6A0600B3AB12 /* TabsController.swift */; };
		BB0F0FC4283B6A0600B3AB12 /* TabsController.xib in Resources */ = {isa = PBXBuildFile; fileRef = BB0F0FC2283B6A0600B3AB12 /* TabsController.xib */; };
		BB0F0FC9283B719600B3AB12 /* QRListViewController.swift in Sources */ = {isa = PBXBuildFile; fileRef = BB0F0FC7283B719600B3AB12 /* QRListViewController.swift */; };
		BB0F0FCA283B719600B3AB12 /* QRListViewController.xib in Resources */ = {isa = PBXBuildFile; fileRef = BB0F0FC8283B719600B3AB12 /* QRListViewController.xib */; };
		BB0F0FCD283B71D800B3AB12 /* DashboardViewController.swift in Sources */ = {isa = PBXBuildFile; fileRef = BB0F0FCB283B71D800B3AB12 /* DashboardViewController.swift */; };
		BB0F0FCE283B71D800B3AB12 /* DashboardViewController.xib in Resources */ = {isa = PBXBuildFile; fileRef = BB0F0FCC283B71D800B3AB12 /* DashboardViewController.xib */; };
		BB0F0FD0283B779D00B3AB12 /* VCExtension.swift in Sources */ = {isa = PBXBuildFile; fileRef = BB0F0FCF283B779D00B3AB12 /* VCExtension.swift */; };
		BB0F0FD3283B87C000B3AB12 /* QRCell.swift in Sources */ = {isa = PBXBuildFile; fileRef = BB0F0FD1283B87C000B3AB12 /* QRCell.swift */; };
		BB0F0FD4283B87C000B3AB12 /* QRCell.xib in Resources */ = {isa = PBXBuildFile; fileRef = BB0F0FD2283B87C000B3AB12 /* QRCell.xib */; };
		BB0F0FD6283B8A2600B3AB12 /* CellEx.swift in Sources */ = {isa = PBXBuildFile; fileRef = BB0F0FD5283B8A2600B3AB12 /* CellEx.swift */; };
		BB2F36D52842ECA6009FA328 /* Lottie in Frameworks */ = {isa = PBXBuildFile; productRef = BB2F36D42842ECA6009FA328 /* Lottie */; };
		BB2F36DA2842F1B7009FA328 /* Editing.json in Resources */ = {isa = PBXBuildFile; fileRef = BB2F36D92842F1B7009FA328 /* Editing.json */; };
		BB2F36DC2842F9E2009FA328 /* Search.json in Resources */ = {isa = PBXBuildFile; fileRef = BB2F36DB2842F9E2009FA328 /* Search.json */; };
		BB455BD22840C2510043C9AB /* UIImgEx.swift in Sources */ = {isa = PBXBuildFile; fileRef = BB455BD12840C2510043C9AB /* UIImgEx.swift */; };
		BB455BD62840D7FF0043C9AB /* PaddingLabel.swift in Sources */ = {isa = PBXBuildFile; fileRef = BB455BD52840D7FF0043C9AB /* PaddingLabel.swift */; };
		BB4A6ED9283F8F9700EB0106 /* QRScanner in Frameworks */ = {isa = PBXBuildFile; productRef = BB4A6ED8283F8F9700EB0106 /* QRScanner */; };
		BB4A6EDC283F900900EB0106 /* ScannerViewController.swift in Sources */ = {isa = PBXBuildFile; fileRef = BB4A6EDA283F900900EB0106 /* ScannerViewController.swift */; };
		BB4A6EDD283F900900EB0106 /* ScannerViewController.xib in Resources */ = {isa = PBXBuildFile; fileRef = BB4A6EDB283F900900EB0106 /* ScannerViewController.xib */; };
		BB4A6EE0283F96BF00EB0106 /* EFQRCode in Frameworks */ = {isa = PBXBuildFile; productRef = BB4A6EDF283F96BF00EB0106 /* EFQRCode */; };
		BB4A6EE2283F980200EB0106 /* QRCodeManager.swift in Sources */ = {isa = PBXBuildFile; fileRef = BB4A6EE1283F980200EB0106 /* QRCodeManager.swift */; };
		BB4A6EE4283F982100EB0106 /* QRCode.swift in Sources */ = {isa = PBXBuildFile; fileRef = BB4A6EE3283F982100EB0106 /* QRCode.swift */; };
		BB4A6EE6283F9A9400EB0106 /* ArrayEx.swift in Sources */ = {isa = PBXBuildFile; fileRef = BB4A6EE5283F9A9400EB0106 /* ArrayEx.swift */; };
		BB4A6EE9283FBAA600EB0106 /* UITextFieldEx.swift in Sources */ = {isa = PBXBuildFile; fileRef = BB4A6EE8283FBAA600EB0106 /* UITextFieldEx.swift */; };
		BB4A6EEC283FC87F00EB0106 /* BLTNBoard in Frameworks */ = {isa = PBXBuildFile; productRef = BB4A6EEB283FC87F00EB0106 /* BLTNBoard */; };
		BB4A6EEF283FC9E800EB0106 /* Realm in Frameworks */ = {isa = PBXBuildFile; productRef = BB4A6EEE283FC9E800EB0106 /* Realm */; };
		BB4A6EF1283FC9E800EB0106 /* RealmSwift in Frameworks */ = {isa = PBXBuildFile; productRef = BB4A6EF0283FC9E800EB0106 /* RealmSwift */; };
		BB4A6EF3283FCA7F00EB0106 /* RealmService.swift in Sources */ = {isa = PBXBuildFile; fileRef = BB4A6EF2283FCA7F00EB0106 /* RealmService.swift */; };
		BB54E9F42841DE8100559FA9 /* QRDetailViewController.swift in Sources */ = {isa = PBXBuildFile; fileRef = BB54E9F22841DE8100559FA9 /* QRDetailViewController.swift */; };
		BB54E9F52841DE8100559FA9 /* QRDetailViewController.xib in Resources */ = {isa = PBXBuildFile; fileRef = BB54E9F32841DE8100559FA9 /* QRDetailViewController.xib */; };
		BB54E9F72841EDC800559FA9 /* StringEx.swift in Sources */ = {isa = PBXBuildFile; fileRef = BB54E9F62841EDC800559FA9 /* StringEx.swift */; };
		BB54E9FB28420BD900559FA9 /* QRListVM.swift in Sources */ = {isa = PBXBuildFile; fileRef = BB54E9FA28420BD900559FA9 /* QRListVM.swift */; };
		BB54E9FF2842215800559FA9 /* Constants.swift in Sources */ = {isa = PBXBuildFile; fileRef = BB54E9FE2842215800559FA9 /* Constants.swift */; };
		BB54EA0128422A7200559FA9 /* TableViewEx.swift in Sources */ = {isa = PBXBuildFile; fileRef = BB54EA0028422A7200559FA9 /* TableViewEx.swift */; };
		BB54EA0328422B5A00559FA9 /* EmptyStateView.swift in Sources */ = {isa = PBXBuildFile; fileRef = BB54EA0228422B5A00559FA9 /* EmptyStateView.swift */; };
		BB54EA0528422BB000559FA9 /* EmptyStateView.xib in Resources */ = {isa = PBXBuildFile; fileRef = BB54EA0428422BB000559FA9 /* EmptyStateView.xib */; };
		BBABA400283E653E0056221D /* CreateQRViewController.swift in Sources */ = {isa = PBXBuildFile; fileRef = BBABA3FE283E653E0056221D /* CreateQRViewController.swift */; };
		BBABA401283E653E0056221D /* CreateQRViewController.xib in Resources */ = {isa = PBXBuildFile; fileRef = BBABA3FF283E653E0056221D /* CreateQRViewController.xib */; };
/* End PBXBuildFile section */

/* Begin PBXFileReference section */
		BB0F0FA8283B64C100B3AB12 /* qr-station.app */ = {isa = PBXFileReference; explicitFileType = wrapper.application; includeInIndex = 0; path = "qr-station.app"; sourceTree = BUILT_PRODUCTS_DIR; };
		BB0F0FAB283B64C100B3AB12 /* AppDelegate.swift */ = {isa = PBXFileReference; lastKnownFileType = sourcecode.swift; path = AppDelegate.swift; sourceTree = "<group>"; };
		BB0F0FAD283B64C100B3AB12 /* SceneDelegate.swift */ = {isa = PBXFileReference; lastKnownFileType = sourcecode.swift; path = SceneDelegate.swift; sourceTree = "<group>"; };
		BB0F0FB4283B64C300B3AB12 /* Assets.xcassets */ = {isa = PBXFileReference; lastKnownFileType = folder.assetcatalog; path = Assets.xcassets; sourceTree = "<group>"; };
		BB0F0FB7283B64C300B3AB12 /* Base */ = {isa = PBXFileReference; lastKnownFileType = file.storyboard; name = Base; path = Base.lproj/LaunchScreen.storyboard; sourceTree = "<group>"; };
		BB0F0FB9283B64C300B3AB12 /* Info.plist */ = {isa = PBXFileReference; lastKnownFileType = text.plist.xml; path = Info.plist; sourceTree = "<group>"; };
		BB0F0FC1283B6A0600B3AB12 /* TabsController.swift */ = {isa = PBXFileReference; lastKnownFileType = sourcecode.swift; path = TabsController.swift; sourceTree = "<group>"; };
		BB0F0FC2283B6A0600B3AB12 /* TabsController.xib */ = {isa = PBXFileReference; lastKnownFileType = file.xib; path = TabsController.xib; sourceTree = "<group>"; };
		BB0F0FC7283B719600B3AB12 /* QRListViewController.swift */ = {isa = PBXFileReference; lastKnownFileType = sourcecode.swift; path = QRListViewController.swift; sourceTree = "<group>"; };
		BB0F0FC8283B719600B3AB12 /* QRListViewController.xib */ = {isa = PBXFileReference; lastKnownFileType = file.xib; path = QRListViewController.xib; sourceTree = "<group>"; };
		BB0F0FCB283B71D800B3AB12 /* DashboardViewController.swift */ = {isa = PBXFileReference; lastKnownFileType = sourcecode.swift; path = DashboardViewController.swift; sourceTree = "<group>"; };
		BB0F0FCC283B71D800B3AB12 /* DashboardViewController.xib */ = {isa = PBXFileReference; lastKnownFileType = file.xib; path = DashboardViewController.xib; sourceTree = "<group>"; };
		BB0F0FCF283B779D00B3AB12 /* VCExtension.swift */ = {isa = PBXFileReference; lastKnownFileType = sourcecode.swift; path = VCExtension.swift; sourceTree = "<group>"; };
		BB0F0FD1283B87C000B3AB12 /* QRCell.swift */ = {isa = PBXFileReference; lastKnownFileType = sourcecode.swift; path = QRCell.swift; sourceTree = "<group>"; };
		BB0F0FD2283B87C000B3AB12 /* QRCell.xib */ = {isa = PBXFileReference; lastKnownFileType = file.xib; path = QRCell.xib; sourceTree = "<group>"; };
		BB0F0FD5283B8A2600B3AB12 /* CellEx.swift */ = {isa = PBXFileReference; lastKnownFileType = sourcecode.swift; path = CellEx.swift; sourceTree = "<group>"; };
		BB2F36D92842F1B7009FA328 /* Editing.json */ = {isa = PBXFileReference; fileEncoding = 4; lastKnownFileType = text.json; path = Editing.json; sourceTree = "<group>"; };
		BB2F36DB2842F9E2009FA328 /* Search.json */ = {isa = PBXFileReference; fileEncoding = 4; lastKnownFileType = text.json; path = Search.json; sourceTree = "<group>"; };
		BB455BD12840C2510043C9AB /* UIImgEx.swift */ = {isa = PBXFileReference; lastKnownFileType = sourcecode.swift; path = UIImgEx.swift; sourceTree = "<group>"; };
		BB455BD52840D7FF0043C9AB /* PaddingLabel.swift */ = {isa = PBXFileReference; lastKnownFileType = sourcecode.swift; path = PaddingLabel.swift; sourceTree = "<group>"; };
		BB4A6EDA283F900900EB0106 /* ScannerViewController.swift */ = {isa = PBXFileReference; lastKnownFileType = sourcecode.swift; path = ScannerViewController.swift; sourceTree = "<group>"; };
		BB4A6EDB283F900900EB0106 /* ScannerViewController.xib */ = {isa = PBXFileReference; lastKnownFileType = file.xib; path = ScannerViewController.xib; sourceTree = "<group>"; };
		BB4A6EE1283F980200EB0106 /* QRCodeManager.swift */ = {isa = PBXFileReference; lastKnownFileType = sourcecode.swift; path = QRCodeManager.swift; sourceTree = "<group>"; };
		BB4A6EE3283F982100EB0106 /* QRCode.swift */ = {isa = PBXFileReference; lastKnownFileType = sourcecode.swift; path = QRCode.swift; sourceTree = "<group>"; };
		BB4A6EE5283F9A9400EB0106 /* ArrayEx.swift */ = {isa = PBXFileReference; lastKnownFileType = sourcecode.swift; path = ArrayEx.swift; sourceTree = "<group>"; };
		BB4A6EE8283FBAA600EB0106 /* UITextFieldEx.swift */ = {isa = PBXFileReference; lastKnownFileType = sourcecode.swift; path = UITextFieldEx.swift; sourceTree = "<group>"; };
		BB4A6EF2283FCA7F00EB0106 /* RealmService.swift */ = {isa = PBXFileReference; lastKnownFileType = sourcecode.swift; path = RealmService.swift; sourceTree = "<group>"; };
		BB54E9F22841DE8100559FA9 /* QRDetailViewController.swift */ = {isa = PBXFileReference; lastKnownFileType = sourcecode.swift; path = QRDetailViewController.swift; sourceTree = "<group>"; };
		BB54E9F32841DE8100559FA9 /* QRDetailViewController.xib */ = {isa = PBXFileReference; lastKnownFileType = file.xib; path = QRDetailViewController.xib; sourceTree = "<group>"; };
		BB54E9F62841EDC800559FA9 /* StringEx.swift */ = {isa = PBXFileReference; lastKnownFileType = sourcecode.swift; path = StringEx.swift; sourceTree = "<group>"; };
		BB54E9FA28420BD900559FA9 /* QRListVM.swift */ = {isa = PBXFileReference; lastKnownFileType = sourcecode.swift; path = QRListVM.swift; sourceTree = "<group>"; };
		BB54E9FE2842215800559FA9 /* Constants.swift */ = {isa = PBXFileReference; lastKnownFileType = sourcecode.swift; path = Constants.swift; sourceTree = "<group>"; };
		BB54EA0028422A7200559FA9 /* TableViewEx.swift */ = {isa = PBXFileReference; lastKnownFileType = sourcecode.swift; path = TableViewEx.swift; sourceTree = "<group>"; };
		BB54EA0228422B5A00559FA9 /* EmptyStateView.swift */ = {isa = PBXFileReference; lastKnownFileType = sourcecode.swift; path = EmptyStateView.swift; sourceTree = "<group>"; };
		BB54EA0428422BB000559FA9 /* EmptyStateView.xib */ = {isa = PBXFileReference; lastKnownFileType = file.xib; path = EmptyStateView.xib; sourceTree = "<group>"; };
		BBABA3FE283E653E0056221D /* CreateQRViewController.swift */ = {isa = PBXFileReference; lastKnownFileType = sourcecode.swift; path = CreateQRViewController.swift; sourceTree = "<group>"; };
		BBABA3FF283E653E0056221D /* CreateQRViewController.xib */ = {isa = PBXFileReference; lastKnownFileType = file.xib; path = CreateQRViewController.xib; sourceTree = "<group>"; };
/* End PBXFileReference section */

/* Begin PBXFrameworksBuildPhase section */
		BB0F0FA5283B64C100B3AB12 /* Frameworks */ = {
			isa = PBXFrameworksBuildPhase;
			buildActionMask = 2147483647;
			files = (
				BB4A6ED9283F8F9700EB0106 /* QRScanner in Frameworks */,
				BB4A6EEC283FC87F00EB0106 /* BLTNBoard in Frameworks */,
				BB4A6EEF283FC9E800EB0106 /* Realm in Frameworks */,
				BB4A6EF1283FC9E800EB0106 /* RealmSwift in Frameworks */,
				BB4A6EE0283F96BF00EB0106 /* EFQRCode in Frameworks */,
				BB2F36D52842ECA6009FA328 /* Lottie in Frameworks */,
			);
			runOnlyForDeploymentPostprocessing = 0;
		};
/* End PBXFrameworksBuildPhase section */

/* Begin PBXGroup section */
		BB0F0F9F283B64C100B3AB12 = {
			isa = PBXGroup;
			children = (
				BB0F0FAA283B64C100B3AB12 /* qr-station */,
				BB0F0FA9283B64C100B3AB12 /* Products */,
			);
			sourceTree = "<group>";
		};
		BB0F0FA9283B64C100B3AB12 /* Products */ = {
			isa = PBXGroup;
			children = (
				BB0F0FA8283B64C100B3AB12 /* qr-station.app */,
			);
			name = Products;
			sourceTree = "<group>";
		};
		BB0F0FAA283B64C100B3AB12 /* qr-station */ = {
			isa = PBXGroup;
			children = (
				BB0F0FAB283B64C100B3AB12 /* AppDelegate.swift */,
				BB0F0FAD283B64C100B3AB12 /* SceneDelegate.swift */,
				BB4A6EE1283F980200EB0106 /* QRCodeManager.swift */,
				BB4A6EF2283FCA7F00EB0106 /* RealmService.swift */,
				BB4A6EE3283F982100EB0106 /* QRCode.swift */,
				BB455BD52840D7FF0043C9AB /* PaddingLabel.swift */,
				BB54E9FE2842215800559FA9 /* Constants.swift */,
				BB2F36D62842EEAE009FA328 /* Resources */,
				BB54EA0228422B5A00559FA9 /* EmptyStateView.swift */,
				BB54EA0428422BB000559FA9 /* EmptyStateView.xib */,
				BB0F0FD7283B8A2C00B3AB12 /* Extensions */,
				BB0F0FD8283B8B8900B3AB12 /* Cells */,
				BB0F0FC0283B695B00B3AB12 /* Screens */,
				BB0F0FB4283B64C300B3AB12 /* Assets.xcassets */,
				BB0F0FB6283B64C300B3AB12 /* LaunchScreen.storyboard */,
				BB0F0FB9283B64C300B3AB12 /* Info.plist */,
			);
			path = "qr-station";
			sourceTree = "<group>";
		};
		BB0F0FBF283B694C00B3AB12 /* Dashboard */ = {
			isa = PBXGroup;
			children = (
				BB0F0FCB283B71D800B3AB12 /* DashboardViewController.swift */,
				BB0F0FCC283B71D800B3AB12 /* DashboardViewController.xib */,
			);
			path = Dashboard;
			sourceTree = "<group>";
		};
		BB0F0FC0283B695B00B3AB12 /* Screens */ = {
			isa = PBXGroup;
			children = (
				BBABA402283E65470056221D /* CreateQR */,
				BBABA3FB283E64C40056221D /* Scanner */,
				BB0F0FC5283B6A1100B3AB12 /* Tab */,
				BB54E9F12841DE5E00559FA9 /* QRDetail */,
				BB0F0FC6283B716F00B3AB12 /* QRList */,
				BB0F0FBF283B694C00B3AB12 /* Dashboard */,
			);
			path = Screens;
			sourceTree = "<group>";
		};
		BB0F0FC5283B6A1100B3AB12 /* Tab */ = {
			isa = PBXGroup;
			children = (
				BB0F0FC1283B6A0600B3AB12 /* TabsController.swift */,
				BB0F0FC2283B6A0600B3AB12 /* TabsController.xib */,
			);
			path = Tab;
			sourceTree = "<group>";
		};
		BB0F0FC6283B716F00B3AB12 /* QRList */ = {
			isa = PBXGroup;
			children = (
				BB0F0FC7283B719600B3AB12 /* QRListViewController.swift */,
				BB54E9FA28420BD900559FA9 /* QRListVM.swift */,
				BB0F0FC8283B719600B3AB12 /* QRListViewController.xib */,
			);
			path = QRList;
			sourceTree = "<group>";
		};
		BB0F0FD7283B8A2C00B3AB12 /* Extensions */ = {
			isa = PBXGroup;
			children = (
				BB0F0FCF283B779D00B3AB12 /* VCExtension.swift */,
				BB0F0FD5283B8A2600B3AB12 /* CellEx.swift */,
				BB4A6EE5283F9A9400EB0106 /* ArrayEx.swift */,
				BB4A6EE8283FBAA600EB0106 /* UITextFieldEx.swift */,
				BB455BD12840C2510043C9AB /* UIImgEx.swift */,
				BB54E9F62841EDC800559FA9 /* StringEx.swift */,
				BB54EA0028422A7200559FA9 /* TableViewEx.swift */,
			);
			path = Extensions;
			sourceTree = "<group>";
		};
		BB0F0FD8283B8B8900B3AB12 /* Cells */ = {
			isa = PBXGroup;
			children = (
				BB0F0FD1283B87C000B3AB12 /* QRCell.swift */,
				BB0F0FD2283B87C000B3AB12 /* QRCell.xib */,
			);
			path = Cells;
			sourceTree = "<group>";
		};
		BB2F36D62842EEAE009FA328 /* Resources */ = {
			isa = PBXGroup;
			children = (
				BB2F36D92842F1B7009FA328 /* Editing.json */,
				BB2F36DB2842F9E2009FA328 /* Search.json */,
			);
			path = Resources;
			sourceTree = "<group>";
		};
		BB54E9F12841DE5E00559FA9 /* QRDetail */ = {
			isa = PBXGroup;
			children = (
				BB54E9F22841DE8100559FA9 /* QRDetailViewController.swift */,
				BB54E9F32841DE8100559FA9 /* QRDetailViewController.xib */,
			);
			path = QRDetail;
			sourceTree = "<group>";
		};
		BBABA3FB283E64C40056221D /* Scanner */ = {
			isa = PBXGroup;
			children = (
				BB4A6EDA283F900900EB0106 /* ScannerViewController.swift */,
				BB4A6EDB283F900900EB0106 /* ScannerViewController.xib */,
			);
			path = Scanner;
			sourceTree = "<group>";
		};
		BBABA402283E65470056221D /* CreateQR */ = {
			isa = PBXGroup;
			children = (
				BBABA3FE283E653E0056221D /* CreateQRViewController.swift */,
				BBABA3FF283E653E0056221D /* CreateQRViewController.xib */,
			);
			path = CreateQR;
			sourceTree = "<group>";
		};
/* End PBXGroup section */

/* Begin PBXNativeTarget section */
		BB0F0FA7283B64C100B3AB12 /* qr-station */ = {
			isa = PBXNativeTarget;
			buildConfigurationList = BB0F0FBC283B64C300B3AB12 /* Build configuration list for PBXNativeTarget "qr-station" */;
			buildPhases = (
				BB0F0FA4283B64C100B3AB12 /* Sources */,
				BB0F0FA5283B64C100B3AB12 /* Frameworks */,
				BB0F0FA6283B64C100B3AB12 /* Resources */,
			);
			buildRules = (
			);
			dependencies = (
			);
			name = "qr-station";
			packageProductDependencies = (
				BB4A6ED8283F8F9700EB0106 /* QRScanner */,
				BB4A6EDF283F96BF00EB0106 /* EFQRCode */,
				BB4A6EEB283FC87F00EB0106 /* BLTNBoard */,
				BB4A6EEE283FC9E800EB0106 /* Realm */,
				BB4A6EF0283FC9E800EB0106 /* RealmSwift */,
				BB2F36D42842ECA6009FA328 /* Lottie */,
			);
			productName = "qr-station";
			productReference = BB0F0FA8283B64C100B3AB12 /* qr-station.app */;
			productType = "com.apple.product-type.application";
		};
/* End PBXNativeTarget section */

/* Begin PBXProject section */
		BB0F0FA0283B64C100B3AB12 /* Project object */ = {
			isa = PBXProject;
			attributes = {
				BuildIndependentTargetsInParallel = 1;
				LastSwiftUpdateCheck = 1330;
				LastUpgradeCheck = 1330;
				TargetAttributes = {
					BB0F0FA7283B64C100B3AB12 = {
						CreatedOnToolsVersion = 13.3.1;
					};
				};
			};
			buildConfigurationList = BB0F0FA3283B64C100B3AB12 /* Build configuration list for PBXProject "qr-station" */;
			compatibilityVersion = "Xcode 13.0";
			developmentRegion = en;
			hasScannedForEncodings = 0;
			knownRegions = (
				en,
				Base,
			);
			mainGroup = BB0F0F9F283B64C100B3AB12;
			packageReferences = (
				BB4A6ED7283F8F9700EB0106 /* XCRemoteSwiftPackageReference "QRScanner" */,
				BB4A6EDE283F96BF00EB0106 /* XCRemoteSwiftPackageReference "EFQRCode" */,
				BB4A6EEA283FC87F00EB0106 /* XCRemoteSwiftPackageReference "BulletinBoard" */,
				BB4A6EED283FC9E800EB0106 /* XCRemoteSwiftPackageReference "realm-swift" */,
				BB2F36D32842ECA6009FA328 /* XCRemoteSwiftPackageReference "lottie-ios" */,
			);
			productRefGroup = BB0F0FA9283B64C100B3AB12 /* Products */;
			projectDirPath = "";
			projectRoot = "";
			targets = (
				BB0F0FA7283B64C100B3AB12 /* qr-station */,
			);
		};
/* End PBXProject section */

/* Begin PBXResourcesBuildPhase section */
		BB0F0FA6283B64C100B3AB12 /* Resources */ = {
			isa = PBXResourcesBuildPhase;
			buildActionMask = 2147483647;
			files = (
				BB2F36DA2842F1B7009FA328 /* Editing.json in Resources */,
				BB0F0FD4283B87C000B3AB12 /* QRCell.xib in Resources */,
				BB0F0FB8283B64C300B3AB12 /* LaunchScreen.storyboard in Resources */,
				BB0F0FCA283B719600B3AB12 /* QRListViewController.xib in Resources */,
				BB4A6EDD283F900900EB0106 /* ScannerViewController.xib in Resources */,
				BB2F36DC2842F9E2009FA328 /* Search.json in Resources */,
				BBABA401283E653E0056221D /* CreateQRViewController.xib in Resources */,
				BB0F0FCE283B71D800B3AB12 /* DashboardViewController.xib in Resources */,
				BB54EA0528422BB000559FA9 /* EmptyStateView.xib in Resources */,
				BB0F0FC4283B6A0600B3AB12 /* TabsController.xib in Resources */,
				BB54E9F52841DE8100559FA9 /* QRDetailViewController.xib in Resources */,
				BB0F0FB5283B64C300B3AB12 /* Assets.xcassets in Resources */,
			);
			runOnlyForDeploymentPostprocessing = 0;
		};
/* End PBXResourcesBuildPhase section */

/* Begin PBXSourcesBuildPhase section */
		BB0F0FA4283B64C100B3AB12 /* Sources */ = {
			isa = PBXSourcesBuildPhase;
			buildActionMask = 2147483647;
			files = (
				BB54E9F42841DE8100559FA9 /* QRDetailViewController.swift in Sources */,
				BB455BD22840C2510043C9AB /* UIImgEx.swift in Sources */,
				BB54EA0328422B5A00559FA9 /* EmptyStateView.swift in Sources */,
				BB0F0FC3283B6A0600B3AB12 /* TabsController.swift in Sources */,
				BB54E9FB28420BD900559FA9 /* QRListVM.swift in Sources */,
				BB0F0FC9283B719600B3AB12 /* QRListViewController.swift in Sources */,
				BB4A6EE9283FBAA600EB0106 /* UITextFieldEx.swift in Sources */,
				BB0F0FD0283B779D00B3AB12 /* VCExtension.swift in Sources */,
				BB4A6EF3283FCA7F00EB0106 /* RealmService.swift in Sources */,
				BB4A6EDC283F900900EB0106 /* ScannerViewController.swift in Sources */,
				BB0F0FD3283B87C000B3AB12 /* QRCell.swift in Sources */,
				BB4A6EE4283F982100EB0106 /* QRCode.swift in Sources */,
				BB54E9FF2842215800559FA9 /* Constants.swift in Sources */,
				BB0F0FD6283B8A2600B3AB12 /* CellEx.swift in Sources */,
				BB0F0FCD283B71D800B3AB12 /* DashboardViewController.swift in Sources */,
				BB455BD62840D7FF0043C9AB /* PaddingLabel.swift in Sources */,
				BBABA400283E653E0056221D /* CreateQRViewController.swift in Sources */,
				BB54EA0128422A7200559FA9 /* TableViewEx.swift in Sources */,
				BB54E9F72841EDC800559FA9 /* StringEx.swift in Sources */,
				BB4A6EE6283F9A9400EB0106 /* ArrayEx.swift in Sources */,
				BB0F0FAC283B64C100B3AB12 /* AppDelegate.swift in Sources */,
				BB4A6EE2283F980200EB0106 /* QRCodeManager.swift in Sources */,
				BB0F0FAE283B64C100B3AB12 /* SceneDelegate.swift in Sources */,
			);
			runOnlyForDeploymentPostprocessing = 0;
		};
/* End PBXSourcesBuildPhase section */

/* Begin PBXVariantGroup section */
		BB0F0FB6283B64C300B3AB12 /* LaunchScreen.storyboard */ = {
			isa = PBXVariantGroup;
			children = (
				BB0F0FB7283B64C300B3AB12 /* Base */,
			);
			name = LaunchScreen.storyboard;
			sourceTree = "<group>";
		};
/* End PBXVariantGroup section */

/* Begin XCBuildConfiguration section */
		BB0F0FBA283B64C300B3AB12 /* Debug */ = {
			isa = XCBuildConfiguration;
			buildSettings = {
				ALWAYS_SEARCH_USER_PATHS = NO;
				CLANG_ANALYZER_NONNULL = YES;
				CLANG_ANALYZER_NUMBER_OBJECT_CONVERSION = YES_AGGRESSIVE;
				CLANG_CXX_LANGUAGE_STANDARD = "gnu++17";
				CLANG_ENABLE_MODULES = YES;
				CLANG_ENABLE_OBJC_ARC = YES;
				CLANG_ENABLE_OBJC_WEAK = YES;
				CLANG_WARN_BLOCK_CAPTURE_AUTORELEASING = YES;
				CLANG_WARN_BOOL_CONVERSION = YES;
				CLANG_WARN_COMMA = YES;
				CLANG_WARN_CONSTANT_CONVERSION = YES;
				CLANG_WARN_DEPRECATED_OBJC_IMPLEMENTATIONS = YES;
				CLANG_WARN_DIRECT_OBJC_ISA_USAGE = YES_ERROR;
				CLANG_WARN_DOCUMENTATION_COMMENTS = YES;
				CLANG_WARN_EMPTY_BODY = YES;
				CLANG_WARN_ENUM_CONVERSION = YES;
				CLANG_WARN_INFINITE_RECURSION = YES;
				CLANG_WARN_INT_CONVERSION = YES;
				CLANG_WARN_NON_LITERAL_NULL_CONVERSION = YES;
				CLANG_WARN_OBJC_IMPLICIT_RETAIN_SELF = YES;
				CLANG_WARN_OBJC_LITERAL_CONVERSION = YES;
				CLANG_WARN_OBJC_ROOT_CLASS = YES_ERROR;
				CLANG_WARN_QUOTED_INCLUDE_IN_FRAMEWORK_HEADER = YES;
				CLANG_WARN_RANGE_LOOP_ANALYSIS = YES;
				CLANG_WARN_STRICT_PROTOTYPES = YES;
				CLANG_WARN_SUSPICIOUS_MOVE = YES;
				CLANG_WARN_UNGUARDED_AVAILABILITY = YES_AGGRESSIVE;
				CLANG_WARN_UNREACHABLE_CODE = YES;
				CLANG_WARN__DUPLICATE_METHOD_MATCH = YES;
				COPY_PHASE_STRIP = NO;
				DEBUG_INFORMATION_FORMAT = dwarf;
				ENABLE_STRICT_OBJC_MSGSEND = YES;
				ENABLE_TESTABILITY = YES;
				GCC_C_LANGUAGE_STANDARD = gnu11;
				GCC_DYNAMIC_NO_PIC = NO;
				GCC_NO_COMMON_BLOCKS = YES;
				GCC_OPTIMIZATION_LEVEL = 0;
				GCC_PREPROCESSOR_DEFINITIONS = (
					"DEBUG=1",
					"$(inherited)",
				);
				GCC_WARN_64_TO_32_BIT_CONVERSION = YES;
				GCC_WARN_ABOUT_RETURN_TYPE = YES_ERROR;
				GCC_WARN_UNDECLARED_SELECTOR = YES;
				GCC_WARN_UNINITIALIZED_AUTOS = YES_AGGRESSIVE;
				GCC_WARN_UNUSED_FUNCTION = YES;
				GCC_WARN_UNUSED_VARIABLE = YES;
				IPHONEOS_DEPLOYMENT_TARGET = 15.0;
				MTL_ENABLE_DEBUG_INFO = INCLUDE_SOURCE;
				MTL_FAST_MATH = YES;
				ONLY_ACTIVE_ARCH = YES;
				SDKROOT = iphoneos;
				SWIFT_ACTIVE_COMPILATION_CONDITIONS = DEBUG;
				SWIFT_OPTIMIZATION_LEVEL = "-Onone";
			};
			name = Debug;
		};
		BB0F0FBB283B64C300B3AB12 /* Release */ = {
			isa = XCBuildConfiguration;
			buildSettings = {
				ALWAYS_SEARCH_USER_PATHS = NO;
				CLANG_ANALYZER_NONNULL = YES;
				CLANG_ANALYZER_NUMBER_OBJECT_CONVERSION = YES_AGGRESSIVE;
				CLANG_CXX_LANGUAGE_STANDARD = "gnu++17";
				CLANG_ENABLE_MODULES = YES;
				CLANG_ENABLE_OBJC_ARC = YES;
				CLANG_ENABLE_OBJC_WEAK = YES;
				CLANG_WARN_BLOCK_CAPTURE_AUTORELEASING = YES;
				CLANG_WARN_BOOL_CONVERSION = YES;
				CLANG_WARN_COMMA = YES;
				CLANG_WARN_CONSTANT_CONVERSION = YES;
				CLANG_WARN_DEPRECATED_OBJC_IMPLEMENTATIONS = YES;
				CLANG_WARN_DIRECT_OBJC_ISA_USAGE = YES_ERROR;
				CLANG_WARN_DOCUMENTATION_COMMENTS = YES;
				CLANG_WARN_EMPTY_BODY = YES;
				CLANG_WARN_ENUM_CONVERSION = YES;
				CLANG_WARN_INFINITE_RECURSION = YES;
				CLANG_WARN_INT_CONVERSION = YES;
				CLANG_WARN_NON_LITERAL_NULL_CONVERSION = YES;
				CLANG_WARN_OBJC_IMPLICIT_RETAIN_SELF = YES;
				CLANG_WARN_OBJC_LITERAL_CONVERSION = YES;
				CLANG_WARN_OBJC_ROOT_CLASS = YES_ERROR;
				CLANG_WARN_QUOTED_INCLUDE_IN_FRAMEWORK_HEADER = YES;
				CLANG_WARN_RANGE_LOOP_ANALYSIS = YES;
				CLANG_WARN_STRICT_PROTOTYPES = YES;
				CLANG_WARN_SUSPICIOUS_MOVE = YES;
				CLANG_WARN_UNGUARDED_AVAILABILITY = YES_AGGRESSIVE;
				CLANG_WARN_UNREACHABLE_CODE = YES;
				CLANG_WARN__DUPLICATE_METHOD_MATCH = YES;
				COPY_PHASE_STRIP = NO;
				DEBUG_INFORMATION_FORMAT = "dwarf-with-dsym";
				ENABLE_NS_ASSERTIONS = NO;
				ENABLE_STRICT_OBJC_MSGSEND = YES;
				GCC_C_LANGUAGE_STANDARD = gnu11;
				GCC_NO_COMMON_BLOCKS = YES;
				GCC_WARN_64_TO_32_BIT_CONVERSION = YES;
				GCC_WARN_ABOUT_RETURN_TYPE = YES_ERROR;
				GCC_WARN_UNDECLARED_SELECTOR = YES;
				GCC_WARN_UNINITIALIZED_AUTOS = YES_AGGRESSIVE;
				GCC_WARN_UNUSED_FUNCTION = YES;
				GCC_WARN_UNUSED_VARIABLE = YES;
				IPHONEOS_DEPLOYMENT_TARGET = 15.0;
				MTL_ENABLE_DEBUG_INFO = NO;
				MTL_FAST_MATH = YES;
				SDKROOT = iphoneos;
				SWIFT_COMPILATION_MODE = wholemodule;
				SWIFT_OPTIMIZATION_LEVEL = "-O";
				VALIDATE_PRODUCT = YES;
			};
			name = Release;
		};
		BB0F0FBD283B64C300B3AB12 /* Debug */ = {
			isa = XCBuildConfiguration;
			buildSettings = {
				ASSETCATALOG_COMPILER_APPICON_NAME = AppIcon;
				ASSETCATALOG_COMPILER_GLOBAL_ACCENT_COLOR_NAME = AccentColor;
				CODE_SIGN_STYLE = Automatic;
				CURRENT_PROJECT_VERSION = 1;
				DEVELOPMENT_TEAM = 8797UGY27X;
				GENERATE_INFOPLIST_FILE = YES;
				INFOPLIST_FILE = "qr-station/Info.plist";
				INFOPLIST_KEY_CFBundleDisplayName = "QR Station";
				INFOPLIST_KEY_NSCameraUsageDescription = "Used for scanning codes";
				INFOPLIST_KEY_NSPhotoLibraryUsageDescription = "Used to get images containing qr codes";
				INFOPLIST_KEY_UIApplicationSupportsIndirectInputEvents = YES;
				INFOPLIST_KEY_UILaunchStoryboardName = LaunchScreen;
				INFOPLIST_KEY_UISupportedInterfaceOrientations = UIInterfaceOrientationPortrait;
				INFOPLIST_KEY_UISupportedInterfaceOrientations_iPhone = UIInterfaceOrientationPortrait;
				LD_RUNPATH_SEARCH_PATHS = (
					"$(inherited)",
					"@executable_path/Frameworks",
				);
				MARKETING_VERSION = 0.1.0;
				PRODUCT_BUNDLE_IDENTIFIER = "cz.petrsedlak.ios.qr-station";
				PRODUCT_NAME = "$(TARGET_NAME)";
				SWIFT_EMIT_LOC_STRINGS = YES;
				SWIFT_VERSION = 5.0;
				TARGETED_DEVICE_FAMILY = "1,2";
			};
			name = Debug;
		};
		BB0F0FBE283B64C300B3AB12 /* Release */ = {
			isa = XCBuildConfiguration;
			buildSettings = {
				ASSETCATALOG_COMPILER_APPICON_NAME = AppIcon;
				ASSETCATALOG_COMPILER_GLOBAL_ACCENT_COLOR_NAME = AccentColor;
				CODE_SIGN_STYLE = Automatic;
				CURRENT_PROJECT_VERSION = 1;
				DEVELOPMENT_TEAM = 8797UGY27X;
				GENERATE_INFOPLIST_FILE = YES;
				INFOPLIST_FILE = "qr-station/Info.plist";
				INFOPLIST_KEY_CFBundleDisplayName = "QR Station";
				INFOPLIST_KEY_NSCameraUsageDescription = "Used for scanning codes";
				INFOPLIST_KEY_NSPhotoLibraryUsageDescription = "Used to get images containing qr codes";
				INFOPLIST_KEY_UIApplicationSupportsIndirectInputEvents = YES;
				INFOPLIST_KEY_UILaunchStoryboardName = LaunchScreen;
				INFOPLIST_KEY_UISupportedInterfaceOrientations = UIInterfaceOrientationPortrait;
				INFOPLIST_KEY_UISupportedInterfaceOrientations_iPhone = UIInterfaceOrientationPortrait;
				LD_RUNPATH_SEARCH_PATHS = (
					"$(inherited)",
					"@executable_path/Frameworks",
				);
				MARKETING_VERSION = 0.1.0;
				PRODUCT_BUNDLE_IDENTIFIER = "cz.petrsedlak.ios.qr-station";
				PRODUCT_NAME = "$(TARGET_NAME)";
				SWIFT_EMIT_LOC_STRINGS = YES;
				SWIFT_VERSION = 5.0;
				TARGETED_DEVICE_FAMILY = "1,2";
			};
			name = Release;
		};
/* End XCBuildConfiguration section */

/* Begin XCConfigurationList section */
		BB0F0FA3283B64C100B3AB12 /* Build configuration list for PBXProject "qr-station" */ = {
			isa = XCConfigurationList;
			buildConfigurations = (
				BB0F0FBA283B64C300B3AB12 /* Debug */,
				BB0F0FBB283B64C300B3AB12 /* Release */,
			);
			defaultConfigurationIsVisible = 0;
			defaultConfigurationName = Release;
		};
		BB0F0FBC283B64C300B3AB12 /* Build configuration list for PBXNativeTarget "qr-station" */ = {
			isa = XCConfigurationList;
			buildConfigurations = (
				BB0F0FBD283B64C300B3AB12 /* Debug */,
				BB0F0FBE283B64C300B3AB12 /* Release */,
			);
			defaultConfigurationIsVisible = 0;
			defaultConfigurationName = Release;
		};
/* End XCConfigurationList section */

/* Begin XCRemoteSwiftPackageReference section */
		BB2F36D32842ECA6009FA328 /* XCRemoteSwiftPackageReference "lottie-ios" */ = {
			isa = XCRemoteSwiftPackageReference;
			repositoryURL = "https://github.com/airbnb/lottie-ios.git";
			requirement = {
				kind = upToNextMajorVersion;
				minimumVersion = 3.0.0;
			};
		};
		BB4A6ED7283F8F9700EB0106 /* XCRemoteSwiftPackageReference "QRScanner" */ = {
			isa = XCRemoteSwiftPackageReference;
			repositoryURL = "https://github.com/mercari/QRScanner";
			requirement = {
				kind = upToNextMajorVersion;
				minimumVersion = 1.0.0;
			};
		};
		BB4A6EDE283F96BF00EB0106 /* XCRemoteSwiftPackageReference "EFQRCode" */ = {
			isa = XCRemoteSwiftPackageReference;
			repositoryURL = "https://github.com/EFPrefix/EFQRCode";
			requirement = {
				kind = upToNextMajorVersion;
				minimumVersion = 6.0.0;
			};
		};
		BB4A6EEA283FC87F00EB0106 /* XCRemoteSwiftPackageReference "BulletinBoard" */ = {
			isa = XCRemoteSwiftPackageReference;
			repositoryURL = "https://github.com/alexisakers/BulletinBoard";
			requirement = {
				kind = upToNextMajorVersion;
				minimumVersion = 5.0.0;
			};
		};
		BB4A6EED283FC9E800EB0106 /* XCRemoteSwiftPackageReference "realm-swift" */ = {
			isa = XCRemoteSwiftPackageReference;
			repositoryURL = "https://github.com/realm/realm-swift.git";
			requirement = {
				kind = upToNextMajorVersion;
				minimumVersion = 10.26.0;
			};
		};
/* End XCRemoteSwiftPackageReference section */

/* Begin XCSwiftPackageProductDependency section */
		BB2F36D42842ECA6009FA328 /* Lottie */ = {
			isa = XCSwiftPackageProductDependency;
			package = BB2F36D32842ECA6009FA328 /* XCRemoteSwiftPackageReference "lottie-ios" */;
			productName = Lottie;
		};
		BB4A6ED8283F8F9700EB0106 /* QRScanner */ = {
			isa = XCSwiftPackageProductDependency;
			package = BB4A6ED7283F8F9700EB0106 /* XCRemoteSwiftPackageReference "QRScanner" */;
			productName = QRScanner;
		};
		BB4A6EDF283F96BF00EB0106 /* EFQRCode */ = {
			isa = XCSwiftPackageProductDependency;
			package = BB4A6EDE283F96BF00EB0106 /* XCRemoteSwiftPackageReference "EFQRCode" */;
			productName = EFQRCode;
		};
		BB4A6EEB283FC87F00EB0106 /* BLTNBoard */ = {
			isa = XCSwiftPackageProductDependency;
			package = BB4A6EEA283FC87F00EB0106 /* XCRemoteSwiftPackageReference "BulletinBoard" */;
			productName = BLTNBoard;
		};
		BB4A6EEE283FC9E800EB0106 /* Realm */ = {
			isa = XCSwiftPackageProductDependency;
			package = BB4A6EED283FC9E800EB0106 /* XCRemoteSwiftPackageReference "realm-swift" */;
			productName = Realm;
		};
		BB4A6EF0283FC9E800EB0106 /* RealmSwift */ = {
			isa = XCSwiftPackageProductDependency;
			package = BB4A6EED283FC9E800EB0106 /* XCRemoteSwiftPackageReference "realm-swift" */;
			productName = RealmSwift;
		};
/* End XCSwiftPackageProductDependency section */
	};
	rootObject = BB0F0FA0283B64C100B3AB12 /* Project object */;
}
