{
  "pins" : [
    {
      "identity" : "bulletinboard",
      "kind" : "remoteSourceControl",
      "location" : "https://github.com/alexisakers/BulletinBoard",
      "state" : {
        "revision" : "e8ba81d25e41e5d24d6a4f404ed28443d728723b",
        "version" : "5.0.0"
      }
    },
    {
      "identity" : "efqrcode",
      "kind" : "remoteSourceControl",
      "location" : "https://github.com/EFPrefix/EFQRCode",
      "state" : {
        "revision" : "bebbd09eaf28243ec576f6d53cbf9cc5b10eaffb",
        "version" : "6.2.1"
      }
    },
    {
      "identity" : "lottie-ios",
      "kind" : "remoteSourceControl",
      "location" : "https://github.com/airbnb/lottie-ios.git",
      "state" : {
        "revision" : "4a6058cbbdfe4f74aeae92c8bd51ad3b0de2a1ee",
        "version" : "3.3.0"
      }
    },
    {
      "identity" : "qrscanner",
      "kind" : "remoteSourceControl",
      "location" : "https://github.com/mercari/QRScanner",
      "state" : {
        "revision" : "b9bbcabf8ce54974b56a63f403abc43930684314",
        "version" : "1.9.0"
      }
    },
    {
      "identity" : "realm-core",
      "kind" : "remoteSourceControl",
      "location" : "https://github.com/realm/realm-core",
      "state" : {
        "revision" : "d97eed3ae7dff2f2e2ffbda83fa8f3b8c445c6ba",
        "version" : "11.17.0"
      }
    },
    {
      "identity" : "realm-swift",
      "kind" : "remoteSourceControl",
      "location" : "https://github.com/realm/realm-swift.git",
      "state" : {
        "revision" : "7f123e48ec12926bb5080e449df360127ee0352d",
        "version" : "10.26.0"
      }
    },
    {
      "identity" : "swift_qrcodejs",
      "kind" : "remoteSourceControl",
      "location" : "https://github.com/ApolloZhu/swift_qrcodejs.git",
      "state" : {
        "revision" : "374dc7f7b9e76c6aeb393f6a84590c6d387e1ecb",
        "version" : "2.2.2"
      }
    }
  ],
  "version" : 2
}
